
Microsoft Visual Studio Solution File, Format Version 12.00
# Visual Studio Version 17
VisualStudioVersion = 17.3.32901.215
MinimumVisualStudioVersion = 10.0.40219.1
Project("{FAE04EC0-301F-11D3-BF4B-00C04F79EFBC}") = "Censo", "Censo\Censo.csproj", "{1489A234-C7CD-46E5-9138-8FECC7A20EB7}"
EndProject
Global
	GlobalSection(SolutionConfigurationPlatforms) = preSolution
		Debug|Any CPU = Debug|Any CPU
		Release|Any CPU = Release|Any CPU
	EndGlobalSection
	GlobalSection(ProjectConfigurationPlatforms) = postSolution
		{1489A234-C7CD-46E5-9138-8FECC7A20EB7}.Debug|Any CPU.ActiveCfg = Debug|Any CPU
		{1489A234-C7CD-46E5-9138-8FECC7A20EB7}.Debug|Any CPU.Build.0 = Debug|Any CPU
		{1489A234-C7CD-46E5-9138-8FECC7A20EB7}.Release|Any CPU.ActiveCfg = Release|Any CPU
		{1489A234-C7CD-46E5-9138-8FECC7A20EB7}.Release|Any CPU.Build.0 = Release|Any CPU
	EndGlobalSection
	GlobalSection(SolutionProperties) = preSolution
		HideSolutionNode = FALSE
	EndGlobalSection
	GlobalSection(ExtensibilityGlobals) = postSolution
		SolutionGuid = {85AA4A6F-48E8-4DB4-8497-2BB27E704C04}
	EndGlobalSection
EndGlobal
